{
  "name": "react-native-chocoforms",
  "version": "0.5.1",
  "lockfileVersion": 1,
  "requires": true,
  "dependencies": {
    "@chocostack/maskifier": {
      "version": "1.0.0",
      "resolved": "https://registry.npmjs.org/@chocostack/maskifier/-/maskifier-1.0.0.tgz",
      "integrity": "sha512-Qo2aiea0NEe2SEpSk8i+ckLC/swvVxrQ4PYOHWTs72wBsZNEpykP9UXWrE32ekitioG1XOXU/9js6VR4rnoywA=="
    },
    "@chocostack/react-native-options-modal": {
      "version": "1.0.4",
      "resolved": "https://registry.npmjs.org/@chocostack/react-native-options-modal/-/react-native-options-modal-1.0.4.tgz",
      "integrity": "sha512-nr/qdo7iY953FuGbPUU/cOyBaFuQxhhnQL4RWwNTAMS6jHoHpVeCzLJ2e4LUlP7jC+od5xWGAMm7z5PW0JYnyg=="
    }
  }
}
