{
  "name": "react-native-chocoforms",
  "version": "1.0.10",
  "lockfileVersion": 1,
  "requires": true,
  "dependencies": {
    "@chocostack/maskifier": {
      "version": "1.0.0",
      "resolved": "https://registry.npmjs.org/@chocostack/maskifier/-/maskifier-1.0.0.tgz",
      "integrity": "sha512-Qo2aiea0NEe2SEpSk8i+ckLC/swvVxrQ4PYOHWTs72wBsZNEpykP9UXWrE32ekitioG1XOXU/9js6VR4rnoywA=="
    },
    "@chocostack/react-native-options-modal": {
      "version": "1.0.4",
      "resolved": "https://registry.npmjs.org/@chocostack/react-native-options-modal/-/react-native-options-modal-1.0.4.tgz",
      "integrity": "sha512-nr/qdo7iY953FuGbPUU/cOyBaFuQxhhnQL4RWwNTAMS6jHoHpVeCzLJ2e4LUlP7jC+od5xWGAMm7z5PW0JYnyg=="
    },
    "@react-native-community/datetimepicker": {
      "version": "6.1.3",
      "resolved": "https://registry.npmjs.org/@react-native-community/datetimepicker/-/datetimepicker-6.1.3.tgz",
      "integrity": "sha512-3e20BPQy8QiQeIGJL4zoJaRsGWB31hl9i7oTZECWxnK6nVUeqGt/G+JRJlJinmqL6z4WePHC6RSUMgpC64OOwg==",
      "requires": {
        "invariant": "^2.2.4"
      }
    },
    "invariant": {
      "version": "2.2.4",
      "resolved": "https://registry.npmjs.org/invariant/-/invariant-2.2.4.tgz",
      "integrity": "sha512-phJfQVBuaJM5raOpJjSfkiD6BpbCE4Ns//LaXl6wGYtUBY83nWS6Rf9tXm2e8VaK60JEjYldbPif/A2B1C2gNA==",
      "requires": {
        "loose-envify": "^1.0.0"
      }
    },
    "js-tokens": {
      "version": "4.0.0",
      "resolved": "https://registry.npmjs.org/js-tokens/-/js-tokens-4.0.0.tgz",
      "integrity": "sha512-RdJUflcE3cUzKiMqQgsCu06FPu9UdIJO0beYbPhHN4k6apgJtifcoCtT9bcxOpYBtpD2kCM6Sbzg4CausW/PKQ=="
    },
    "loose-envify": {
      "version": "1.4.0",
      "resolved": "https://registry.npmjs.org/loose-envify/-/loose-envify-1.4.0.tgz",
      "integrity": "sha512-lyuxPGr/Wfhrlem2CL/UcnUc1zcqKAImBDzukY7Y5F/yQiNdko6+fRLevlw1HgMySw7f611UIY408EtxRSoK3Q==",
      "requires": {
        "js-tokens": "^3.0.0 || ^4.0.0"
      }
    }
  }
}
